
Microsoft Visual Studio Solution File, Format Version 12.00
# Visual Studio 15
VisualStudioVersion = 15.0.27428.2027
MinimumVisualStudioVersion = 10.0.40219.1
Project("{FAE04EC0-301F-11D3-BF4B-00C04F79EFBC}") = "Gweyr", "Gweyr\Gweyr.csproj", "{B17AA56C-38E3-4C2E-A764-CA00C456B724}"
EndProject
Project("{FAE04EC0-301F-11D3-BF4B-00C04F79EFBC}") = "Gweyr.PropertyWriter", "Gweyr.PropertyWriter\Gweyr.PropertyWriter.csproj", "{C75919EE-7498-4EFE-A52A-5BA569A9DF85}"
EndProject
Project("{FAE04EC0-301F-11D3-BF4B-00C04F79EFBC}") = "Gweyr.Common", "Gweyr.Common\Gweyr.Common.csproj", "{45F5E650-29E6-4215-BA4B-D725667B70E6}"
EndProject
Project("{54435603-DBB4-11D2-8724-00A0C9A8B90C}") = "Gweyr.Installer", "Gweyr.Installer\Gweyr.Installer.vdproj", "{7C50A04A-0C92-4AC8-85D2-68A36A1F3A95}"
EndProject
Project("{FAE04EC0-301F-11D3-BF4B-00C04F79EFBC}") = "Gweyr.Json", "Gweyr.Json\Gweyr.Json.csproj", "{45587654-02B5-4B9F-AAD7-31909C454BB3}"
EndProject
Global
	GlobalSection(SolutionConfigurationPlatforms) = preSolution
		All|Any CPU = All|Any CPU
		Debug|Any CPU = Debug|Any CPU
		Release|Any CPU = Release|Any CPU
	EndGlobalSection
	GlobalSection(ProjectConfigurationPlatforms) = postSolution
		{B17AA56C-38E3-4C2E-A764-CA00C456B724}.All|Any CPU.ActiveCfg = Release|Any CPU
		{B17AA56C-38E3-4C2E-A764-CA00C456B724}.All|Any CPU.Build.0 = Release|Any CPU
		{B17AA56C-38E3-4C2E-A764-CA00C456B724}.Debug|Any CPU.ActiveCfg = Debug|Any CPU
		{B17AA56C-38E3-4C2E-A764-CA00C456B724}.Debug|Any CPU.Build.0 = Debug|Any CPU
		{B17AA56C-38E3-4C2E-A764-CA00C456B724}.Release|Any CPU.ActiveCfg = Release|Any CPU
		{B17AA56C-38E3-4C2E-A764-CA00C456B724}.Release|Any CPU.Build.0 = Release|Any CPU
		{C75919EE-7498-4EFE-A52A-5BA569A9DF85}.All|Any CPU.ActiveCfg = Release|Any CPU
		{C75919EE-7498-4EFE-A52A-5BA569A9DF85}.All|Any CPU.Build.0 = Release|Any CPU
		{C75919EE-7498-4EFE-A52A-5BA569A9DF85}.Debug|Any CPU.ActiveCfg = Debug|Any CPU
		{C75919EE-7498-4EFE-A52A-5BA569A9DF85}.Debug|Any CPU.Build.0 = Debug|Any CPU
		{C75919EE-7498-4EFE-A52A-5BA569A9DF85}.Release|Any CPU.ActiveCfg = Release|Any CPU
		{C75919EE-7498-4EFE-A52A-5BA569A9DF85}.Release|Any CPU.Build.0 = Release|Any CPU
		{45F5E650-29E6-4215-BA4B-D725667B70E6}.All|Any CPU.ActiveCfg = Release|Any CPU
		{45F5E650-29E6-4215-BA4B-D725667B70E6}.All|Any CPU.Build.0 = Release|Any CPU
		{45F5E650-29E6-4215-BA4B-D725667B70E6}.Debug|Any CPU.ActiveCfg = Debug|Any CPU
		{45F5E650-29E6-4215-BA4B-D725667B70E6}.Debug|Any CPU.Build.0 = Debug|Any CPU
		{45F5E650-29E6-4215-BA4B-D725667B70E6}.Release|Any CPU.ActiveCfg = Release|Any CPU
		{45F5E650-29E6-4215-BA4B-D725667B70E6}.Release|Any CPU.Build.0 = Release|Any CPU
		{7C50A04A-0C92-4AC8-85D2-68A36A1F3A95}.All|Any CPU.ActiveCfg = Release
		{7C50A04A-0C92-4AC8-85D2-68A36A1F3A95}.Debug|Any CPU.ActiveCfg = Debug
		{7C50A04A-0C92-4AC8-85D2-68A36A1F3A95}.Release|Any CPU.ActiveCfg = Release
		{45587654-02B5-4B9F-AAD7-31909C454BB3}.All|Any CPU.ActiveCfg = Release|Any CPU
		{45587654-02B5-4B9F-AAD7-31909C454BB3}.All|Any CPU.Build.0 = Release|Any CPU
		{45587654-02B5-4B9F-AAD7-31909C454BB3}.Debug|Any CPU.ActiveCfg = Debug|Any CPU
		{45587654-02B5-4B9F-AAD7-31909C454BB3}.Debug|Any CPU.Build.0 = Debug|Any CPU
		{45587654-02B5-4B9F-AAD7-31909C454BB3}.Release|Any CPU.ActiveCfg = Release|Any CPU
		{45587654-02B5-4B9F-AAD7-31909C454BB3}.Release|Any CPU.Build.0 = Release|Any CPU
	EndGlobalSection
	GlobalSection(SolutionProperties) = preSolution
		HideSolutionNode = FALSE
	EndGlobalSection
	GlobalSection(ExtensibilityGlobals) = postSolution
		SolutionGuid = {47D6F9F8-0EFF-4762-B8F5-B03D954D7C26}
	EndGlobalSection
EndGlobal
